{
  "name": "uuid.now.sh",
  "version": "1.0.0",
  "lockfileVersion": 1,
  "requires": true,
  "dependencies": {
    "@lukeed/uuid": {
      "version": "1.0.1",
      "resolved": "https://registry.npmjs.org/@lukeed/uuid/-/uuid-1.0.1.tgz",
      "integrity": "sha512-shtopUGL/WuVicOTppRGDb2he9aGp+OF5EB11Xsbe3K4W6qN7HtK3F+ayNxcfbrG/SSL/Z9B+Xrb0Foz9x83gw=="
    }
  }
}
